// !$*UTF8*$!
{
	archiveVersion = 1;
	classes = {
	};
	objectVersion = 50;
	objects = {

/* Begin PBXBuildFile section */
		410414EC23C4B3E600140FDF /* LabelView.m in Sources */ = {isa = PBXBuildFile; fileRef = 410414EB23C4B3E600140FDF /* LabelView.m */; };
		410E3F3623C5738300549F94 /* Video.png in Resources */ = {isa = PBXBuildFile; fileRef = 410E3F3523C5738300549F94 /* Video.png */; };
		410E3F3923C573B400549F94 /* ImageCollectionView.m in Sources */ = {isa = PBXBuildFile; fileRef = 410E3F3823C573B400549F94 /* ImageCollectionView.m */; };
		410E3F3C23C579DC00549F94 /* ImageCell.m in Sources */ = {isa = PBXBuildFile; fileRef = 410E3F3B23C579DC00549F94 /* ImageCell.m */; };
		410E3F4423C5B46100549F94 /* CardViewController.m in Sources */ = {isa = PBXBuildFile; fileRef = 410E3F4323C5B46100549F94 /* CardViewController.m */; };
		410E3F4723C5B53A00549F94 /* CardViewLayout.m in Sources */ = {isa = PBXBuildFile; fileRef = 410E3F4623C5B53A00549F94 /* CardViewLayout.m */; };
		4124AE5B23C6BE3B005333DD /* CardCollectionReusableView.m in Sources */ = {isa = PBXBuildFile; fileRef = 4124AE5A23C6BE3B005333DD /* CardCollectionReusableView.m */; };
		4124AE5E23C6C324005333DD /* CardCollectionViewCell.m in Sources */ = {isa = PBXBuildFile; fileRef = 4124AE5D23C6C324005333DD /* CardCollectionViewCell.m */; };
		4132E23123C3559A0017F94F /* AppDelegate.m in Sources */ = {isa = PBXBuildFile; fileRef = 4132E23023C3559A0017F94F /* AppDelegate.m */; };
		4132E23423C3559A0017F94F /* SceneDelegate.m in Sources */ = {isa = PBXBuildFile; fileRef = 4132E23323C3559A0017F94F /* SceneDelegate.m */; };
		4132E23723C3559A0017F94F /* ViewController.m in Sources */ = {isa = PBXBuildFile; fileRef = 4132E23623C3559A0017F94F /* ViewController.m */; };
		4132E23A23C3559A0017F94F /* Main.storyboard in Resources */ = {isa = PBXBuildFile; fileRef = 4132E23823C3559A0017F94F /* Main.storyboard */; };
		4132E23C23C3559B0017F94F /* Assets.xcassets in Resources */ = {isa = PBXBuildFile; fileRef = 4132E23B23C3559B0017F94F /* Assets.xcassets */; };
		4132E23F23C3559B0017F94F /* LaunchScreen.storyboard in Resources */ = {isa = PBXBuildFile; fileRef = 4132E23D23C3559B0017F94F /* LaunchScreen.storyboard */; };
		4132E24223C3559B0017F94F /* main.m in Sources */ = {isa = PBXBuildFile; fileRef = 4132E24123C3559B0017F94F /* main.m */; };
		841BD8E99578F478ED84B584 /* libPods-Player.a in Frameworks */ = {isa = PBXBuildFile; fileRef = 18EAC817A30F785BEB797826 /* libPods-Player.a */; };
/* End PBXBuildFile section */

/* Begin PBXFileReference section */
		18EAC817A30F785BEB797826 /* libPods-Player.a */ = {isa = PBXFileReference; explicitFileType = archive.ar; includeInIndex = 0; path = "libPods-Player.a"; sourceTree = BUILT_PRODUCTS_DIR; };
		410414EA23C4B3E600140FDF /* LabelView.h */ = {isa = PBXFileReference; lastKnownFileType = sourcecode.c.h; path = LabelView.h; sourceTree = "<group>"; };
		410414EB23C4B3E600140FDF /* LabelView.m */ = {isa = PBXFileReference; lastKnownFileType = sourcecode.c.objc; path = LabelView.m; sourceTree = "<group>"; };
		410E3F3523C5738300549F94 /* Video.png */ = {isa = PBXFileReference; lastKnownFileType = image.png; name = Video.png; path = ../../../../Desktop/Video.png; sourceTree = "<group>"; };
		410E3F3723C573B400549F94 /* ImageCollectionView.h */ = {isa = PBXFileReference; lastKnownFileType = sourcecode.c.h; path = ImageCollectionView.h; sourceTree = "<group>"; };
		410E3F3823C573B400549F94 /* ImageCollectionView.m */ = {isa = PBXFileReference; lastKnownFileType = sourcecode.c.objc; path = ImageCollectionView.m; sourceTree = "<group>"; };
		410E3F3A23C579DC00549F94 /* ImageCell.h */ = {isa = PBXFileReference; lastKnownFileType = sourcecode.c.h; path = ImageCell.h; sourceTree = "<group>"; };
		410E3F3B23C579DC00549F94 /* ImageCell.m */ = {isa = PBXFileReference; lastKnownFileType = sourcecode.c.objc; path = ImageCell.m; sourceTree = "<group>"; };
		410E3F4223C5B46100549F94 /* CardViewController.h */ = {isa = PBXFileReference; lastKnownFileType = sourcecode.c.h; path = CardViewController.h; sourceTree = "<group>"; };
		410E3F4323C5B46100549F94 /* CardViewController.m */ = {isa = PBXFileReference; lastKnownFileType = sourcecode.c.objc; path = CardViewController.m; sourceTree = "<group>"; };
		410E3F4523C5B53A00549F94 /* CardViewLayout.h */ = {isa = PBXFileReference; lastKnownFileType = sourcecode.c.h; path = CardViewLayout.h; sourceTree = "<group>"; };
		410E3F4623C5B53A00549F94 /* CardViewLayout.m */ = {isa = PBXFileReference; lastKnownFileType = sourcecode.c.objc; path = CardViewLayout.m; sourceTree = "<group>"; };
		4124AE5923C6BE3B005333DD /* CardCollectionReusableView.h */ = {isa = PBXFileReference; lastKnownFileType = sourcecode.c.h; path = CardCollectionReusableView.h; sourceTree = "<group>"; };
		4124AE5A23C6BE3B005333DD /* CardCollectionReusableView.m */ = {isa = PBXFileReference; lastKnownFileType = sourcecode.c.objc; path = CardCollectionReusableView.m; sourceTree = "<group>"; };
		4124AE5C23C6C324005333DD /* CardCollectionViewCell.h */ = {isa = PBXFileReference; lastKnownFileType = sourcecode.c.h; path = CardCollectionViewCell.h; sourceTree = "<group>"; };
		4124AE5D23C6C324005333DD /* CardCollectionViewCell.m */ = {isa = PBXFileReference; lastKnownFileType = sourcecode.c.objc; path = CardCollectionViewCell.m; sourceTree = "<group>"; };
		4132E22C23C3559A0017F94F /* Player.app */ = {isa = PBXFileReference; explicitFileType = wrapper.application; includeInIndex = 0; path = Player.app; sourceTree = BUILT_PRODUCTS_DIR; };
		4132E22F23C3559A0017F94F /* AppDelegate.h */ = {isa = PBXFileReference; lastKnownFileType = sourcecode.c.h; path = AppDelegate.h; sourceTree = "<group>"; };
		4132E23023C3559A0017F94F /* AppDelegate.m */ = {isa = PBXFileReference; lastKnownFileType = sourcecode.c.objc; path = AppDelegate.m; sourceTree = "<group>"; };
		4132E23223C3559A0017F94F /* SceneDelegate.h */ = {isa = PBXFileReference; lastKnownFileType = sourcecode.c.h; path = SceneDelegate.h; sourceTree = "<group>"; };
		4132E23323C3559A0017F94F /* SceneDelegate.m */ = {isa = PBXFileReference; lastKnownFileType = sourcecode.c.objc; path = SceneDelegate.m; sourceTree = "<group>"; };
		4132E23523C3559A0017F94F /* ViewController.h */ = {isa = PBXFileReference; lastKnownFileType = sourcecode.c.h; path = ViewController.h; sourceTree = "<group>"; };
		4132E23623C3559A0017F94F /* ViewController.m */ = {isa = PBXFileReference; lastKnownFileType = sourcecode.c.objc; path = ViewController.m; sourceTree = "<group>"; };
		4132E23923C3559A0017F94F /* Base */ = {isa = PBXFileReference; lastKnownFileType = file.storyboard; name = Base; path = Base.lproj/Main.storyboard; sourceTree = "<group>"; };
		4132E23B23C3559B0017F94F /* Assets.xcassets */ = {isa = PBXFileReference; lastKnownFileType = folder.assetcatalog; path = Assets.xcassets; sourceTree = "<group>"; };
		4132E23E23C3559B0017F94F /* Base */ = {isa = PBXFileReference; lastKnownFileType = file.storyboard; name = Base; path = Base.lproj/LaunchScreen.storyboard; sourceTree = "<group>"; };
		4132E24023C3559B0017F94F /* Info.plist */ = {isa = PBXFileReference; lastKnownFileType = text.plist.xml; path = Info.plist; sourceTree = "<group>"; };
		4132E24123C3559B0017F94F /* main.m */ = {isa = PBXFileReference; lastKnownFileType = sourcecode.c.objc; path = main.m; sourceTree = "<group>"; };
		C0A65D549C106DDF3B8B0BF2 /* Pods-Player.release.xcconfig */ = {isa = PBXFileReference; includeInIndex = 1; lastKnownFileType = text.xcconfig; name = "Pods-Player.release.xcconfig"; path = "Target Support Files/Pods-Player/Pods-Player.release.xcconfig"; sourceTree = "<group>"; };
		DC9CD19593AED35E3F930B56 /* Pods-Player.debug.xcconfig */ = {isa = PBXFileReference; includeInIndex = 1; lastKnownFileType = text.xcconfig; name = "Pods-Player.debug.xcconfig"; path = "Target Support Files/Pods-Player/Pods-Player.debug.xcconfig"; sourceTree = "<group>"; };
/* End PBXFileReference section */

/* Begin PBXFrameworksBuildPhase section */
		4132E22923C3559A0017F94F /* Frameworks */ = {
			isa = PBXFrameworksBuildPhase;
			buildActionMask = 2147483647;
			files = (
				841BD8E99578F478ED84B584 /* libPods-Player.a in Frameworks */,
			);
			runOnlyForDeploymentPostprocessing = 0;
		};
/* End PBXFrameworksBuildPhase section */

/* Begin PBXGroup section */
		410E3F3D23C5B3BB00549F94 /* image */ = {
			isa = PBXGroup;
			children = (
				410E3F3723C573B400549F94 /* ImageCollectionView.h */,
				410E3F3823C573B400549F94 /* ImageCollectionView.m */,
				410E3F3A23C579DC00549F94 /* ImageCell.h */,
				410E3F3B23C579DC00549F94 /* ImageCell.m */,
				410414EA23C4B3E600140FDF /* LabelView.h */,
				410414EB23C4B3E600140FDF /* LabelView.m */,
			);
			path = image;
			sourceTree = "<group>";
		};
		410E3F4123C5B42E00549F94 /* Card */ = {
			isa = PBXGroup;
			children = (
				410E3F4223C5B46100549F94 /* CardViewController.h */,
				410E3F4323C5B46100549F94 /* CardViewController.m */,
				4124AE5923C6BE3B005333DD /* CardCollectionReusableView.h */,
				4124AE5A23C6BE3B005333DD /* CardCollectionReusableView.m */,
				4124AE5C23C6C324005333DD /* CardCollectionViewCell.h */,
				4124AE5D23C6C324005333DD /* CardCollectionViewCell.m */,
				410E3F4523C5B53A00549F94 /* CardViewLayout.h */,
				410E3F4623C5B53A00549F94 /* CardViewLayout.m */,
			);
			path = Card;
			sourceTree = "<group>";
		};
		4132E22323C3559A0017F94F = {
			isa = PBXGroup;
			children = (
				410E3F4123C5B42E00549F94 /* Card */,
				410E3F3D23C5B3BB00549F94 /* image */,
				4132E22E23C3559A0017F94F /* Player */,
				4132E22D23C3559A0017F94F /* Products */,
				E46494B342F3C8ACEF0E129B /* Pods */,
				B6EB96520C330CC7FD4D149D /* Frameworks */,
			);
			sourceTree = "<group>";
		};
		4132E22D23C3559A0017F94F /* Products */ = {
			isa = PBXGroup;
			children = (
				4132E22C23C3559A0017F94F /* Player.app */,
			);
			name = Products;
			sourceTree = "<group>";
		};
		4132E22E23C3559A0017F94F /* Player */ = {
			isa = PBXGroup;
			children = (
				4132E22F23C3559A0017F94F /* AppDelegate.h */,
				4132E23023C3559A0017F94F /* AppDelegate.m */,
				4132E23223C3559A0017F94F /* SceneDelegate.h */,
				4132E23323C3559A0017F94F /* SceneDelegate.m */,
				4132E23523C3559A0017F94F /* ViewController.h */,
				4132E23623C3559A0017F94F /* ViewController.m */,
				4132E23823C3559A0017F94F /* Main.storyboard */,
				4132E23B23C3559B0017F94F /* Assets.xcassets */,
				4132E23D23C3559B0017F94F /* LaunchScreen.storyboard */,
				4132E24023C3559B0017F94F /* Info.plist */,
				4132E24123C3559B0017F94F /* main.m */,
				410E3F3523C5738300549F94 /* Video.png */,
			);
			path = Player;
			sourceTree = "<group>";
		};
		B6EB96520C330CC7FD4D149D /* Frameworks */ = {
			isa = PBXGroup;
			children = (
				18EAC817A30F785BEB797826 /* libPods-Player.a */,
			);
			name = Frameworks;
			sourceTree = "<group>";
		};
		E46494B342F3C8ACEF0E129B /* Pods */ = {
			isa = PBXGroup;
			children = (
				DC9CD19593AED35E3F930B56 /* Pods-Player.debug.xcconfig */,
				C0A65D549C106DDF3B8B0BF2 /* Pods-Player.release.xcconfig */,
			);
			path = Pods;
			sourceTree = "<group>";
		};
/* End PBXGroup section */

/* Begin PBXNativeTarget section */
		4132E22B23C3559A0017F94F /* Player */ = {
			isa = PBXNativeTarget;
			buildConfigurationList = 4132E24523C3559B0017F94F /* Build configuration list for PBXNativeTarget "Player" */;
			buildPhases = (
				464241E647BA2A054D336B0D /* [CP] Check Pods Manifest.lock */,
				4132E22823C3559A0017F94F /* Sources */,
				4132E22923C3559A0017F94F /* Frameworks */,
				4132E22A23C3559A0017F94F /* Resources */,
			);
			buildRules = (
			);
			dependencies = (
			);
			name = Player;
			productName = Player;
			productReference = 4132E22C23C3559A0017F94F /* Player.app */;
			productType = "com.apple.product-type.application";
		};
/* End PBXNativeTarget section */

/* Begin PBXProject section */
		4132E22423C3559A0017F94F /* Project object */ = {
			isa = PBXProject;
			attributes = {
				LastUpgradeCheck = 1130;
				ORGANIZATIONNAME = wangjingru;
				TargetAttributes = {
					4132E22B23C3559A0017F94F = {
						CreatedOnToolsVersion = 11.3;
					};
				};
			};
			buildConfigurationList = 4132E22723C3559A0017F94F /* Build configuration list for PBXProject "Player" */;
			compatibilityVersion = "Xcode 9.3";
			developmentRegion = en;
			hasScannedForEncodings = 0;
			knownRegions = (
				en,
				Base,
			);
			mainGroup = 4132E22323C3559A0017F94F;
			productRefGroup = 4132E22D23C3559A0017F94F /* Products */;
			projectDirPath = "";
			projectRoot = "";
			targets = (
				4132E22B23C3559A0017F94F /* Player */,
			);
		};
/* End PBXProject section */

/* Begin PBXResourcesBuildPhase section */
		4132E22A23C3559A0017F94F /* Resources */ = {
			isa = PBXResourcesBuildPhase;
			buildActionMask = 2147483647;
			files = (
				4132E23F23C3559B0017F94F /* LaunchScreen.storyboard in Resources */,
				4132E23C23C3559B0017F94F /* Assets.xcassets in Resources */,
				4132E23A23C3559A0017F94F /* Main.storyboard in Resources */,
				410E3F3623C5738300549F94 /* Video.png in Resources */,
			);
			runOnlyForDeploymentPostprocessing = 0;
		};
/* End PBXResourcesBuildPhase section */

/* Begin PBXShellScriptBuildPhase section */
		464241E647BA2A054D336B0D /* [CP] Check Pods Manifest.lock */ = {
			isa = PBXShellScriptBuildPhase;
			buildActionMask = 2147483647;
			files = (
			);
			inputFileListPaths = (
			);
			inputPaths = (
				"${PODS_PODFILE_DIR_PATH}/Podfile.lock",
				"${PODS_ROOT}/Manifest.lock",
			);
			name = "[CP] Check Pods Manifest.lock";
			outputFileListPaths = (
			);
			outputPaths = (
				"$(DERIVED_FILE_DIR)/Pods-Player-checkManifestLockResult.txt",
			);
			runOnlyForDeploymentPostprocessing = 0;
			shellPath = /bin/sh;
			shellScript = "diff \"${PODS_PODFILE_DIR_PATH}/Podfile.lock\" \"${PODS_ROOT}/Manifest.lock\" > /dev/null\nif [ $? != 0 ] ; then\n    # print error to STDERR\n    echo \"error: The sandbox is not in sync with the Podfile.lock. Run 'pod install' or update your CocoaPods installation.\" >&2\n    exit 1\nfi\n# This output is used by Xcode 'outputs' to avoid re-running this script phase.\necho \"SUCCESS\" > \"${SCRIPT_OUTPUT_FILE_0}\"\n";
			showEnvVarsInLog = 0;
		};
/* End PBXShellScriptBuildPhase section */

/* Begin PBXSourcesBuildPhase section */
		4132E22823C3559A0017F94F /* Sources */ = {
			isa = PBXSourcesBuildPhase;
			buildActionMask = 2147483647;
			files = (
				410E3F4423C5B46100549F94 /* CardViewController.m in Sources */,
				410414EC23C4B3E600140FDF /* LabelView.m in Sources */,
				4132E23723C3559A0017F94F /* ViewController.m in Sources */,
				4124AE5B23C6BE3B005333DD /* CardCollectionReusableView.m in Sources */,
				4132E23123C3559A0017F94F /* AppDelegate.m in Sources */,
				410E3F3C23C579DC00549F94 /* ImageCell.m in Sources */,
				4132E24223C3559B0017F94F /* main.m in Sources */,
				410E3F3923C573B400549F94 /* ImageCollectionView.m in Sources */,
				4132E23423C3559A0017F94F /* SceneDelegate.m in Sources */,
				410E3F4723C5B53A00549F94 /* CardViewLayout.m in Sources */,
				4124AE5E23C6C324005333DD /* CardCollectionViewCell.m in Sources */,
			);
			runOnlyForDeploymentPostprocessing = 0;
		};
/* End PBXSourcesBuildPhase section */

/* Begin PBXVariantGroup section */
		4132E23823C3559A0017F94F /* Main.storyboard */ = {
			isa = PBXVariantGroup;
			children = (
				4132E23923C3559A0017F94F /* Base */,
			);
			name = Main.storyboard;
			sourceTree = "<group>";
		};
		4132E23D23C3559B0017F94F /* LaunchScreen.storyboard */ = {
			isa = PBXVariantGroup;
			children = (
				4132E23E23C3559B0017F94F /* Base */,
			);
			name = LaunchScreen.storyboard;
			sourceTree = "<group>";
		};
/* End PBXVariantGroup section */

/* Begin XCBuildConfiguration section */
		4132E24323C3559B0017F94F /* Debug */ = {
			isa = XCBuildConfiguration;
			buildSettings = {
				ALWAYS_SEARCH_USER_PATHS = NO;
				CLANG_ANALYZER_NONNULL = YES;
				CLANG_ANALYZER_NUMBER_OBJECT_CONVERSION = YES_AGGRESSIVE;
				CLANG_CXX_LANGUAGE_STANDARD = "gnu++14";
				CLANG_CXX_LIBRARY = "libc++";
				CLANG_ENABLE_MODULES = YES;
				CLANG_ENABLE_OBJC_ARC = YES;
				CLANG_ENABLE_OBJC_WEAK = YES;
				CLANG_WARN_BLOCK_CAPTURE_AUTORELEASING = YES;
				CLANG_WARN_BOOL_CONVERSION = YES;
				CLANG_WARN_COMMA = YES;
				CLANG_WARN_CONSTANT_CONVERSION = YES;
				CLANG_WARN_DEPRECATED_OBJC_IMPLEMENTATIONS = YES;
				CLANG_WARN_DIRECT_OBJC_ISA_USAGE = YES_ERROR;
				CLANG_WARN_DOCUMENTATION_COMMENTS = YES;
				CLANG_WARN_EMPTY_BODY = YES;
				CLANG_WARN_ENUM_CONVERSION = YES;
				CLANG_WARN_INFINITE_RECURSION = YES;
				CLANG_WARN_INT_CONVERSION = YES;
				CLANG_WARN_NON_LITERAL_NULL_CONVERSION = YES;
				CLANG_WARN_OBJC_IMPLICIT_RETAIN_SELF = YES;
				CLANG_WARN_OBJC_LITERAL_CONVERSION = YES;
				CLANG_WARN_OBJC_ROOT_CLASS = YES_ERROR;
				CLANG_WARN_RANGE_LOOP_ANALYSIS = YES;
				CLANG_WARN_STRICT_PROTOTYPES = YES;
				CLANG_WARN_SUSPICIOUS_MOVE = YES;
				CLANG_WARN_UNGUARDED_AVAILABILITY = YES_AGGRESSIVE;
				CLANG_WARN_UNREACHABLE_CODE = YES;
				CLANG_WARN__DUPLICATE_METHOD_MATCH = YES;
				COPY_PHASE_STRIP = NO;
				DEBUG_INFORMATION_FORMAT = dwarf;
				ENABLE_STRICT_OBJC_MSGSEND = YES;
				ENABLE_TESTABILITY = YES;
				GCC_C_LANGUAGE_STANDARD = gnu11;
				GCC_DYNAMIC_NO_PIC = NO;
				GCC_NO_COMMON_BLOCKS = YES;
				GCC_OPTIMIZATION_LEVEL = 0;
				GCC_PREPROCESSOR_DEFINITIONS = (
					"DEBUG=1",
					"$(inherited)",
				);
				GCC_WARN_64_TO_32_BIT_CONVERSION = YES;
				GCC_WARN_ABOUT_RETURN_TYPE = YES_ERROR;
				GCC_WARN_UNDECLARED_SELECTOR = YES;
				GCC_WARN_UNINITIALIZED_AUTOS = YES_AGGRESSIVE;
				GCC_WARN_UNUSED_FUNCTION = YES;
				GCC_WARN_UNUSED_VARIABLE = YES;
				IPHONEOS_DEPLOYMENT_TARGET = 13.2;
				MTL_ENABLE_DEBUG_INFO = INCLUDE_SOURCE;
				MTL_FAST_MATH = YES;
				ONLY_ACTIVE_ARCH = YES;
				SDKROOT = iphoneos;
			};
			name = Debug;
		};
		4132E24423C3559B0017F94F /* Release */ = {
			isa = XCBuildConfiguration;
			buildSettings = {
				ALWAYS_SEARCH_USER_PATHS = NO;
				CLANG_ANALYZER_NONNULL = YES;
				CLANG_ANALYZER_NUMBER_OBJECT_CONVERSION = YES_AGGRESSIVE;
				CLANG_CXX_LANGUAGE_STANDARD = "gnu++14";
				CLANG_CXX_LIBRARY = "libc++";
				CLANG_ENABLE_MODULES = YES;
				CLANG_ENABLE_OBJC_ARC = YES;
				CLANG_ENABLE_OBJC_WEAK = YES;
				CLANG_WARN_BLOCK_CAPTURE_AUTORELEASING = YES;
				CLANG_WARN_BOOL_CONVERSION = YES;
				CLANG_WARN_COMMA = YES;
				CLANG_WARN_CONSTANT_CONVERSION = YES;
				CLANG_WARN_DEPRECATED_OBJC_IMPLEMENTATIONS = YES;
				CLANG_WARN_DIRECT_OBJC_ISA_USAGE = YES_ERROR;
				CLANG_WARN_DOCUMENTATION_COMMENTS = YES;
				CLANG_WARN_EMPTY_BODY = YES;
				CLANG_WARN_ENUM_CONVERSION = YES;
				CLANG_WARN_INFINITE_RECURSION = YES;
				CLANG_WARN_INT_CONVERSION = YES;
				CLANG_WARN_NON_LITERAL_NULL_CONVERSION = YES;
				CLANG_WARN_OBJC_IMPLICIT_RETAIN_SELF = YES;
				CLANG_WARN_OBJC_LITERAL_CONVERSION = YES;
				CLANG_WARN_OBJC_ROOT_CLASS = YES_ERROR;
				CLANG_WARN_RANGE_LOOP_ANALYSIS = YES;
				CLANG_WARN_STRICT_PROTOTYPES = YES;
				CLANG_WARN_SUSPICIOUS_MOVE = YES;
				CLANG_WARN_UNGUARDED_AVAILABILITY = YES_AGGRESSIVE;
				CLANG_WARN_UNREACHABLE_CODE = YES;
				CLANG_WARN__DUPLICATE_METHOD_MATCH = YES;
				COPY_PHASE_STRIP = NO;
				DEBUG_INFORMATION_FORMAT = "dwarf-with-dsym";
				ENABLE_NS_ASSERTIONS = NO;
				ENABLE_STRICT_OBJC_MSGSEND = YES;
				GCC_C_LANGUAGE_STANDARD = gnu11;
				GCC_NO_COMMON_BLOCKS = YES;
				GCC_WARN_64_TO_32_BIT_CONVERSION = YES;
				GCC_WARN_ABOUT_RETURN_TYPE = YES_ERROR;
				GCC_WARN_UNDECLARED_SELECTOR = YES;
				GCC_WARN_UNINITIALIZED_AUTOS = YES_AGGRESSIVE;
				GCC_WARN_UNUSED_FUNCTION = YES;
				GCC_WARN_UNUSED_VARIABLE = YES;
				IPHONEOS_DEPLOYMENT_TARGET = 13.2;
				MTL_ENABLE_DEBUG_INFO = NO;
				MTL_FAST_MATH = YES;
				SDKROOT = iphoneos;
				VALIDATE_PRODUCT = YES;
			};
			name = Release;
		};
		4132E24623C3559B0017F94F /* Debug */ = {
			isa = XCBuildConfiguration;
			baseConfigurationReference = DC9CD19593AED35E3F930B56 /* Pods-Player.debug.xcconfig */;
			buildSettings = {
				ASSETCATALOG_COMPILER_APPICON_NAME = AppIcon;
				CODE_SIGN_STYLE = Automatic;
				INFOPLIST_FILE = Player/Info.plist;
				LD_RUNPATH_SEARCH_PATHS = (
					"$(inherited)",
					"@executable_path/Frameworks",
				);
				PRODUCT_BUNDLE_IDENTIFIER = demo.Player;
				PRODUCT_NAME = "$(TARGET_NAME)";
				TARGETED_DEVICE_FAMILY = "1,2";
			};
			name = Debug;
		};
		4132E24723C3559B0017F94F /* Release */ = {
			isa = XCBuildConfiguration;
			baseConfigurationReference = C0A65D549C106DDF3B8B0BF2 /* Pods-Player.release.xcconfig */;
			buildSettings = {
				ASSETCATALOG_COMPILER_APPICON_NAME = AppIcon;
				CODE_SIGN_STYLE = Automatic;
				INFOPLIST_FILE = Player/Info.plist;
				LD_RUNPATH_SEARCH_PATHS = (
					"$(inherited)",
					"@executable_path/Frameworks",
				);
				PRODUCT_BUNDLE_IDENTIFIER = demo.Player;
				PRODUCT_NAME = "$(TARGET_NAME)";
				TARGETED_DEVICE_FAMILY = "1,2";
			};
			name = Release;
		};
/* End XCBuildConfiguration section */

/* Begin XCConfigurationList section */
		4132E22723C3559A0017F94F /* Build configuration list for PBXProject "Player" */ = {
			isa = XCConfigurationList;
			buildConfigurations = (
				4132E24323C3559B0017F94F /* Debug */,
				4132E24423C3559B0017F94F /* Release */,
			);
			defaultConfigurationIsVisible = 0;
			defaultConfigurationName = Release;
		};
		4132E24523C3559B0017F94F /* Build configuration list for PBXNativeTarget "Player" */ = {
			isa = XCConfigurationList;
			buildConfigurations = (
				4132E24623C3559B0017F94F /* Debug */,
				4132E24723C3559B0017F94F /* Release */,
			);
			defaultConfigurationIsVisible = 0;
			defaultConfigurationName = Release;
		};
/* End XCConfigurationList section */
	};
	rootObject = 4132E22423C3559A0017F94F /* Project object */;
}
